PODS:
  - LXFitManager (1.2.0)
  - LXSwiftFoundation (3.5.3):
    - LXFitManager

DEPENDENCIES:
  - LXSwiftFoundation (from `./`)

SPEC REPOS:
  trunk:
    - LXFitManager

EXTERNAL SOURCES:
  LXSwiftFoundation:
    :path: "./"

SPEC CHECKSUMS:
  LXFitManager: d8f6fa68d6379552ec58e55eb2acfb1a663fc6fe
  LXSwiftFoundation: 147c739e21e769b21618e12d5bc26d4e4b36a56b

PODFILE CHECKSUM: fcd4bf02e6295d39608085983edfdc08934bf195

COCOAPODS: 1.9.3
