PODS:
  - LXFitManager (1.2.0)
  - LXSwiftFoundation (2.0.0):
    - LXFitManager

DEPENDENCIES:
  - LXSwiftFoundation (from `./`)

SPEC REPOS:
  trunk:
    - LXFitManager

EXTERNAL SOURCES:
  LXSwiftFoundation:
    :path: "./"

SPEC CHECKSUMS:
  LXFitManager: d8f6fa68d6379552ec58e55eb2acfb1a663fc6fe
  LXSwiftFoundation: f1d5a8e563b36e8680424ebb0ee320c08a433aef

PODFILE CHECKSUM: e17d281e29e7c377c8363d1f1adfa138259cbab3

COCOAPODS: 1.9.3
