// !$*UTF8*$!
{
	archiveVersion = 1;
	classes = {
	};
	objectVersion = 54;
	objects = {

/* Begin PBXBuildFile section */
		040C02D226E65A3400C82BBD /* TestObjcView.m in Sources */ = {isa = PBXBuildFile; fileRef = 040C02D126E65A3400C82BBD /* TestObjcView.m */; };
		040C02D826E65A8500C82BBD /* TextViewViewController.swift in Sources */ = {isa = PBXBuildFile; fileRef = 040C02D726E65A8500C82BBD /* TextViewViewController.swift */; };
		0447CA3726E366BB00F46B63 /* UIImage+add.m in Sources */ = {isa = PBXBuildFile; fileRef = 0447CA3626E366BB00F46B63 /* UIImage+add.m */; };
		044E559A26B68ECC00E79CCB /* lxQrCodeVoice.wav in Resources */ = {isa = PBXBuildFile; fileRef = 044E559926B68ECC00E79CCB /* lxQrCodeVoice.wav */; };
		72252A4B2DF16E2700525330 /* KVOViewController.swift in Sources */ = {isa = PBXBuildFile; fileRef = 72252A4A2DF16E2700525330 /* KVOViewController.swift */; };
		72E5295B2DE6AA9400B3409C /* NotificationTest.swift in Sources */ = {isa = PBXBuildFile; fileRef = 72E5295A2DE6AA7400B3409C /* NotificationTest.swift */; };
		72E52ABD2DE9452300B3409C /* ImageTestViewController.swift in Sources */ = {isa = PBXBuildFile; fileRef = 72E52ABC2DE9452300B3409C /* ImageTestViewController.swift */; };
		7607A07F251B1C0B0071B9AD /* AppDelegate.swift in Sources */ = {isa = PBXBuildFile; fileRef = 7607A07E251B1C0B0071B9AD /* AppDelegate.swift */; };
		7607A086251B1C0B0071B9AD /* Main.storyboard in Resources */ = {isa = PBXBuildFile; fileRef = 7607A084251B1C0B0071B9AD /* Main.storyboard */; };
		7607A088251B1C0D0071B9AD /* Assets.xcassets in Resources */ = {isa = PBXBuildFile; fileRef = 7607A087251B1C0D0071B9AD /* Assets.xcassets */; };
		7607A08B251B1C0D0071B9AD /* LaunchScreen.storyboard in Resources */ = {isa = PBXBuildFile; fileRef = 7607A089251B1C0D0071B9AD /* LaunchScreen.storyboard */; };
		7607A094251B1CB70071B9AD /* LXSwiftFoundation.podspec in Resources */ = {isa = PBXBuildFile; fileRef = 7607A092251B1CB70071B9AD /* LXSwiftFoundation.podspec */; };
		7637401E253ACFEF001EC785 /* WebViewController.swift in Sources */ = {isa = PBXBuildFile; fileRef = 7637401D253ACFEF001EC785 /* WebViewController.swift */; };
		7B566DDA1A33A0ADA6224DD1 /* Pods_LXSwiftFoundationModule.framework in Frameworks */ = {isa = PBXBuildFile; fileRef = F715AA7BA9B925B133355970 /* Pods_LXSwiftFoundationModule.framework */; };
		840A7CEB27E847DE0035F240 /* LXAudioView.m in Sources */ = {isa = PBXBuildFile; fileRef = 840A7CE927E847DD0035F240 /* LXAudioView.m */; };
		8471063326DC752E0089EB73 /* ViewController.swift in Sources */ = {isa = PBXBuildFile; fileRef = 8471063226DC752E0089EB73 /* ViewController.swift */; };
		848B4FDC26DF67240068893A /* PickerViewController.swift in Sources */ = {isa = PBXBuildFile; fileRef = 848B4FDB26DF67240068893A /* PickerViewController.swift */; };
		84EF37DD266483620087E578 /* LXCollectionViewCell.swift in Sources */ = {isa = PBXBuildFile; fileRef = 84EF37DC266483620087E578 /* LXCollectionViewCell.swift */; };
/* End PBXBuildFile section */

/* Begin PBXFileReference section */
		040C02D026E65A3400C82BBD /* TestObjcView.h */ = {isa = PBXFileReference; fileEncoding = 4; lastKnownFileType = sourcecode.c.h; path = TestObjcView.h; sourceTree = "<group>"; };
		040C02D126E65A3400C82BBD /* TestObjcView.m */ = {isa = PBXFileReference; fileEncoding = 4; lastKnownFileType = sourcecode.c.objc; path = TestObjcView.m; sourceTree = "<group>"; };
		040C02D726E65A8500C82BBD /* TextViewViewController.swift */ = {isa = PBXFileReference; fileEncoding = 4; lastKnownFileType = sourcecode.swift; path = TextViewViewController.swift; sourceTree = "<group>"; };
		0447CA3526E366BB00F46B63 /* UIImage+add.h */ = {isa = PBXFileReference; lastKnownFileType = sourcecode.c.h; path = "UIImage+add.h"; sourceTree = "<group>"; };
		0447CA3626E366BB00F46B63 /* UIImage+add.m */ = {isa = PBXFileReference; lastKnownFileType = sourcecode.c.objc; path = "UIImage+add.m"; sourceTree = "<group>"; };
		044E559926B68ECC00E79CCB /* lxQrCodeVoice.wav */ = {isa = PBXFileReference; lastKnownFileType = audio.wav; path = lxQrCodeVoice.wav; sourceTree = "<group>"; };
		04E627F2251E55120033BBA5 /* LXSwiftFoundationModule-Bridging-Header.h */ = {isa = PBXFileReference; lastKnownFileType = sourcecode.c.h; path = "LXSwiftFoundationModule-Bridging-Header.h"; sourceTree = "<group>"; };
		6348DD709E89FD4FC09A35D6 /* Pods-LXSwiftFoundationModule.debug.xcconfig */ = {isa = PBXFileReference; includeInIndex = 1; lastKnownFileType = text.xcconfig; name = "Pods-LXSwiftFoundationModule.debug.xcconfig"; path = "Target Support Files/Pods-LXSwiftFoundationModule/Pods-LXSwiftFoundationModule.debug.xcconfig"; sourceTree = "<group>"; };
		72252A4A2DF16E2700525330 /* KVOViewController.swift */ = {isa = PBXFileReference; lastKnownFileType = sourcecode.swift; path = KVOViewController.swift; sourceTree = "<group>"; };
		72E5295A2DE6AA7400B3409C /* NotificationTest.swift */ = {isa = PBXFileReference; lastKnownFileType = sourcecode.swift; path = NotificationTest.swift; sourceTree = "<group>"; };
		72E52ABC2DE9452300B3409C /* ImageTestViewController.swift */ = {isa = PBXFileReference; lastKnownFileType = sourcecode.swift; path = ImageTestViewController.swift; sourceTree = "<group>"; };
		7607A07B251B1C0B0071B9AD /* LXSwiftFoundationModule.app */ = {isa = PBXFileReference; explicitFileType = wrapper.application; includeInIndex = 0; path = LXSwiftFoundationModule.app; sourceTree = BUILT_PRODUCTS_DIR; };
		7607A07E251B1C0B0071B9AD /* AppDelegate.swift */ = {isa = PBXFileReference; lastKnownFileType = sourcecode.swift; path = AppDelegate.swift; sourceTree = "<group>"; };
		7607A085251B1C0B0071B9AD /* Base */ = {isa = PBXFileReference; lastKnownFileType = file.storyboard; name = Base; path = Base.lproj/Main.storyboard; sourceTree = "<group>"; };
		7607A087251B1C0D0071B9AD /* Assets.xcassets */ = {isa = PBXFileReference; lastKnownFileType = folder.assetcatalog; path = Assets.xcassets; sourceTree = "<group>"; };
		7607A08A251B1C0D0071B9AD /* Base */ = {isa = PBXFileReference; lastKnownFileType = file.storyboard; name = Base; path = Base.lproj/LaunchScreen.storyboard; sourceTree = "<group>"; };
		7607A08C251B1C0D0071B9AD /* Info.plist */ = {isa = PBXFileReference; lastKnownFileType = text.plist.xml; path = Info.plist; sourceTree = "<group>"; };
		7607A092251B1CB70071B9AD /* LXSwiftFoundation.podspec */ = {isa = PBXFileReference; fileEncoding = 4; lastKnownFileType = text; path = LXSwiftFoundation.podspec; sourceTree = "<group>"; xcLanguageSpecificationIdentifier = xcode.lang.ruby; };
		7637401D253ACFEF001EC785 /* WebViewController.swift */ = {isa = PBXFileReference; lastKnownFileType = sourcecode.swift; path = WebViewController.swift; sourceTree = "<group>"; };
		840A7CE927E847DD0035F240 /* LXAudioView.m */ = {isa = PBXFileReference; fileEncoding = 4; lastKnownFileType = sourcecode.c.objc; path = LXAudioView.m; sourceTree = "<group>"; };
		840A7CEA27E847DE0035F240 /* LXAudioView.h */ = {isa = PBXFileReference; fileEncoding = 4; lastKnownFileType = sourcecode.c.h; path = LXAudioView.h; sourceTree = "<group>"; };
		8471063226DC752E0089EB73 /* ViewController.swift */ = {isa = PBXFileReference; fileEncoding = 4; lastKnownFileType = sourcecode.swift; path = ViewController.swift; sourceTree = "<group>"; };
		848B4FDB26DF67240068893A /* PickerViewController.swift */ = {isa = PBXFileReference; lastKnownFileType = sourcecode.swift; path = PickerViewController.swift; sourceTree = "<group>"; };
		84EF37DC266483620087E578 /* LXCollectionViewCell.swift */ = {isa = PBXFileReference; lastKnownFileType = sourcecode.swift; path = LXCollectionViewCell.swift; sourceTree = "<group>"; };
		8DFBEB594E654C05D56544BE /* Pods-LXSwiftFoundationModule.release.xcconfig */ = {isa = PBXFileReference; includeInIndex = 1; lastKnownFileType = text.xcconfig; name = "Pods-LXSwiftFoundationModule.release.xcconfig"; path = "Target Support Files/Pods-LXSwiftFoundationModule/Pods-LXSwiftFoundationModule.release.xcconfig"; sourceTree = "<group>"; };
		F715AA7BA9B925B133355970 /* Pods_LXSwiftFoundationModule.framework */ = {isa = PBXFileReference; explicitFileType = wrapper.framework; includeInIndex = 0; path = Pods_LXSwiftFoundationModule.framework; sourceTree = BUILT_PRODUCTS_DIR; };
/* End PBXFileReference section */

/* Begin PBXFrameworksBuildPhase section */
		7607A078251B1C0B0071B9AD /* Frameworks */ = {
			isa = PBXFrameworksBuildPhase;
			buildActionMask = 2147483647;
			files = (
				7B566DDA1A33A0ADA6224DD1 /* Pods_LXSwiftFoundationModule.framework in Frameworks */,
			);
			runOnlyForDeploymentPostprocessing = 0;
		};
/* End PBXFrameworksBuildPhase section */

/* Begin PBXGroup section */
		0447CA3026E361FA00F46B63 /* classes */ = {
			isa = PBXGroup;
			children = (
				72E5295A2DE6AA7400B3409C /* NotificationTest.swift */,
				040C02D726E65A8500C82BBD /* TextViewViewController.swift */,
				040C02D026E65A3400C82BBD /* TestObjcView.h */,
				040C02D126E65A3400C82BBD /* TestObjcView.m */,
				7637401D253ACFEF001EC785 /* WebViewController.swift */,
				84EF37DC266483620087E578 /* LXCollectionViewCell.swift */,
				848B4FDB26DF67240068893A /* PickerViewController.swift */,
				0447CA3526E366BB00F46B63 /* UIImage+add.h */,
				0447CA3626E366BB00F46B63 /* UIImage+add.m */,
				840A7CEA27E847DE0035F240 /* LXAudioView.h */,
				840A7CE927E847DD0035F240 /* LXAudioView.m */,
				72252A4A2DF16E2700525330 /* KVOViewController.swift */,
			);
			path = classes;
			sourceTree = "<group>";
		};
		0A068DD0C1A2DCA35F1C9B63 /* Pods */ = {
			isa = PBXGroup;
			children = (
				6348DD709E89FD4FC09A35D6 /* Pods-LXSwiftFoundationModule.debug.xcconfig */,
				8DFBEB594E654C05D56544BE /* Pods-LXSwiftFoundationModule.release.xcconfig */,
			);
			path = Pods;
			sourceTree = "<group>";
		};
		3BECA5F2D192B9B3965465CA /* Frameworks */ = {
			isa = PBXGroup;
			children = (
				F715AA7BA9B925B133355970 /* Pods_LXSwiftFoundationModule.framework */,
			);
			name = Frameworks;
			sourceTree = "<group>";
		};
		7607A072251B1C0B0071B9AD = {
			isa = PBXGroup;
			children = (
				7607A092251B1CB70071B9AD /* LXSwiftFoundation.podspec */,
				7607A07D251B1C0B0071B9AD /* LXSwiftFoundationModule */,
				7607A07C251B1C0B0071B9AD /* Products */,
				0A068DD0C1A2DCA35F1C9B63 /* Pods */,
				3BECA5F2D192B9B3965465CA /* Frameworks */,
			);
			sourceTree = "<group>";
			usesTabs = 0;
		};
		7607A07C251B1C0B0071B9AD /* Products */ = {
			isa = PBXGroup;
			children = (
				7607A07B251B1C0B0071B9AD /* LXSwiftFoundationModule.app */,
			);
			name = Products;
			sourceTree = "<group>";
		};
		7607A07D251B1C0B0071B9AD /* LXSwiftFoundationModule */ = {
			isa = PBXGroup;
			children = (
				0447CA3026E361FA00F46B63 /* classes */,
				04E627F2251E55120033BBA5 /* LXSwiftFoundationModule-Bridging-Header.h */,
				7607A07E251B1C0B0071B9AD /* AppDelegate.swift */,
				8471063226DC752E0089EB73 /* ViewController.swift */,
				044E559926B68ECC00E79CCB /* lxQrCodeVoice.wav */,
				7607A084251B1C0B0071B9AD /* Main.storyboard */,
				7607A087251B1C0D0071B9AD /* Assets.xcassets */,
				7607A089251B1C0D0071B9AD /* LaunchScreen.storyboard */,
				7607A08C251B1C0D0071B9AD /* Info.plist */,
				72E52ABC2DE9452300B3409C /* ImageTestViewController.swift */,
			);
			path = LXSwiftFoundationModule;
			sourceTree = "<group>";
		};
/* End PBXGroup section */

/* Begin PBXNativeTarget section */
		7607A07A251B1C0B0071B9AD /* LXSwiftFoundationModule */ = {
			isa = PBXNativeTarget;
			buildConfigurationList = 7607A08F251B1C0D0071B9AD /* Build configuration list for PBXNativeTarget "LXSwiftFoundationModule" */;
			buildPhases = (
				E27ACB9A338C4D6D1DDAEFE2 /* [CP] Check Pods Manifest.lock */,
				7607A077251B1C0B0071B9AD /* Sources */,
				7607A078251B1C0B0071B9AD /* Frameworks */,
				7607A079251B1C0B0071B9AD /* Resources */,
				C2853234359D37572BF5F5C4 /* [CP] Embed Pods Frameworks */,
			);
			buildRules = (
			);
			dependencies = (
			);
			name = LXSwiftFoundationModule;
			productName = LXSwiftFoundationModule;
			productReference = 7607A07B251B1C0B0071B9AD /* LXSwiftFoundationModule.app */;
			productType = "com.apple.product-type.application";
		};
/* End PBXNativeTarget section */

/* Begin PBXProject section */
		7607A073251B1C0B0071B9AD /* Project object */ = {
			isa = PBXProject;
			attributes = {
				LastSwiftUpdateCheck = 1140;
				LastUpgradeCheck = 1140;
				ORGANIZATIONNAME = "李响";
				TargetAttributes = {
					7607A07A251B1C0B0071B9AD = {
						CreatedOnToolsVersion = 11.4;
						LastSwiftMigration = 1150;
					};
				};
			};
			buildConfigurationList = 7607A076251B1C0B0071B9AD /* Build configuration list for PBXProject "LXSwiftFoundationModule" */;
			compatibilityVersion = "Xcode 9.3";
			developmentRegion = en;
			hasScannedForEncodings = 0;
			knownRegions = (
				en,
				Base,
			);
			mainGroup = 7607A072251B1C0B0071B9AD;
			productRefGroup = 7607A07C251B1C0B0071B9AD /* Products */;
			projectDirPath = "";
			projectRoot = "";
			targets = (
				7607A07A251B1C0B0071B9AD /* LXSwiftFoundationModule */,
			);
		};
/* End PBXProject section */

/* Begin PBXResourcesBuildPhase section */
		7607A079251B1C0B0071B9AD /* Resources */ = {
			isa = PBXResourcesBuildPhase;
			buildActionMask = 2147483647;
			files = (
				7607A08B251B1C0D0071B9AD /* LaunchScreen.storyboard in Resources */,
				044E559A26B68ECC00E79CCB /* lxQrCodeVoice.wav in Resources */,
				7607A094251B1CB70071B9AD /* LXSwiftFoundation.podspec in Resources */,
				7607A088251B1C0D0071B9AD /* Assets.xcassets in Resources */,
				7607A086251B1C0B0071B9AD /* Main.storyboard in Resources */,
			);
			runOnlyForDeploymentPostprocessing = 0;
		};
/* End PBXResourcesBuildPhase section */

/* Begin PBXShellScriptBuildPhase section */
		C2853234359D37572BF5F5C4 /* [CP] Embed Pods Frameworks */ = {
			isa = PBXShellScriptBuildPhase;
			buildActionMask = 2147483647;
			files = (
			);
			inputFileListPaths = (
				"${PODS_ROOT}/Target Support Files/Pods-LXSwiftFoundationModule/Pods-LXSwiftFoundationModule-frameworks-${CONFIGURATION}-input-files.xcfilelist",
			);
			inputPaths = (
			);
			name = "[CP] Embed Pods Frameworks";
			outputFileListPaths = (
				"${PODS_ROOT}/Target Support Files/Pods-LXSwiftFoundationModule/Pods-LXSwiftFoundationModule-frameworks-${CONFIGURATION}-output-files.xcfilelist",
			);
			outputPaths = (
			);
			runOnlyForDeploymentPostprocessing = 0;
			shellPath = /bin/sh;
			shellScript = "\"${PODS_ROOT}/Target Support Files/Pods-LXSwiftFoundationModule/Pods-LXSwiftFoundationModule-frameworks.sh\"\n";
			showEnvVarsInLog = 0;
		};
		E27ACB9A338C4D6D1DDAEFE2 /* [CP] Check Pods Manifest.lock */ = {
			isa = PBXShellScriptBuildPhase;
			buildActionMask = 2147483647;
			files = (
			);
			inputFileListPaths = (
			);
			inputPaths = (
				"${PODS_PODFILE_DIR_PATH}/Podfile.lock",
				"${PODS_ROOT}/Manifest.lock",
			);
			name = "[CP] Check Pods Manifest.lock";
			outputFileListPaths = (
			);
			outputPaths = (
				"$(DERIVED_FILE_DIR)/Pods-LXSwiftFoundationModule-checkManifestLockResult.txt",
			);
			runOnlyForDeploymentPostprocessing = 0;
			shellPath = /bin/sh;
			shellScript = "diff \"${PODS_PODFILE_DIR_PATH}/Podfile.lock\" \"${PODS_ROOT}/Manifest.lock\" > /dev/null\nif [ $? != 0 ] ; then\n    # print error to STDERR\n    echo \"error: The sandbox is not in sync with the Podfile.lock. Run 'pod install' or update your CocoaPods installation.\" >&2\n    exit 1\nfi\n# This output is used by Xcode 'outputs' to avoid re-running this script phase.\necho \"SUCCESS\" > \"${SCRIPT_OUTPUT_FILE_0}\"\n";
			showEnvVarsInLog = 0;
		};
/* End PBXShellScriptBuildPhase section */

/* Begin PBXSourcesBuildPhase section */
		7607A077251B1C0B0071B9AD /* Sources */ = {
			isa = PBXSourcesBuildPhase;
			buildActionMask = 2147483647;
			files = (
				7637401E253ACFEF001EC785 /* WebViewController.swift in Sources */,
				848B4FDC26DF67240068893A /* PickerViewController.swift in Sources */,
				72E52ABD2DE9452300B3409C /* ImageTestViewController.swift in Sources */,
				84EF37DD266483620087E578 /* LXCollectionViewCell.swift in Sources */,
				8471063326DC752E0089EB73 /* ViewController.swift in Sources */,
				72252A4B2DF16E2700525330 /* KVOViewController.swift in Sources */,
				72E5295B2DE6AA9400B3409C /* NotificationTest.swift in Sources */,
				840A7CEB27E847DE0035F240 /* LXAudioView.m in Sources */,
				7607A07F251B1C0B0071B9AD /* AppDelegate.swift in Sources */,
				0447CA3726E366BB00F46B63 /* UIImage+add.m in Sources */,
				040C02D826E65A8500C82BBD /* TextViewViewController.swift in Sources */,
				040C02D226E65A3400C82BBD /* TestObjcView.m in Sources */,
			);
			runOnlyForDeploymentPostprocessing = 0;
		};
/* End PBXSourcesBuildPhase section */

/* Begin PBXVariantGroup section */
		7607A084251B1C0B0071B9AD /* Main.storyboard */ = {
			isa = PBXVariantGroup;
			children = (
				7607A085251B1C0B0071B9AD /* Base */,
			);
			name = Main.storyboard;
			sourceTree = "<group>";
		};
		7607A089251B1C0D0071B9AD /* LaunchScreen.storyboard */ = {
			isa = PBXVariantGroup;
			children = (
				7607A08A251B1C0D0071B9AD /* Base */,
			);
			name = LaunchScreen.storyboard;
			sourceTree = "<group>";
		};
/* End PBXVariantGroup section */

/* Begin XCBuildConfiguration section */
		7607A08D251B1C0D0071B9AD /* Debug */ = {
			isa = XCBuildConfiguration;
			buildSettings = {
				ALWAYS_SEARCH_USER_PATHS = NO;
				CLANG_ANALYZER_NONNULL = YES;
				CLANG_ANALYZER_NUMBER_OBJECT_CONVERSION = YES_AGGRESSIVE;
				CLANG_CXX_LANGUAGE_STANDARD = "gnu++14";
				CLANG_CXX_LIBRARY = "libc++";
				CLANG_ENABLE_MODULES = YES;
				CLANG_ENABLE_OBJC_ARC = YES;
				CLANG_ENABLE_OBJC_WEAK = YES;
				CLANG_WARN_BLOCK_CAPTURE_AUTORELEASING = YES;
				CLANG_WARN_BOOL_CONVERSION = YES;
				CLANG_WARN_COMMA = YES;
				CLANG_WARN_CONSTANT_CONVERSION = YES;
				CLANG_WARN_DEPRECATED_OBJC_IMPLEMENTATIONS = YES;
				CLANG_WARN_DIRECT_OBJC_ISA_USAGE = YES_ERROR;
				CLANG_WARN_DOCUMENTATION_COMMENTS = YES;
				CLANG_WARN_EMPTY_BODY = YES;
				CLANG_WARN_ENUM_CONVERSION = YES;
				CLANG_WARN_INFINITE_RECURSION = YES;
				CLANG_WARN_INT_CONVERSION = YES;
				CLANG_WARN_NON_LITERAL_NULL_CONVERSION = YES;
				CLANG_WARN_OBJC_IMPLICIT_RETAIN_SELF = YES;
				CLANG_WARN_OBJC_LITERAL_CONVERSION = YES;
				CLANG_WARN_OBJC_ROOT_CLASS = YES_ERROR;
				CLANG_WARN_RANGE_LOOP_ANALYSIS = YES;
				CLANG_WARN_STRICT_PROTOTYPES = YES;
				CLANG_WARN_SUSPICIOUS_MOVE = YES;
				CLANG_WARN_UNGUARDED_AVAILABILITY = YES_AGGRESSIVE;
				CLANG_WARN_UNREACHABLE_CODE = YES;
				CLANG_WARN__DUPLICATE_METHOD_MATCH = YES;
				COPY_PHASE_STRIP = NO;
				DEBUG_INFORMATION_FORMAT = dwarf;
				ENABLE_STRICT_OBJC_MSGSEND = YES;
				ENABLE_TESTABILITY = YES;
				GCC_C_LANGUAGE_STANDARD = gnu11;
				GCC_DYNAMIC_NO_PIC = NO;
				GCC_NO_COMMON_BLOCKS = YES;
				GCC_OPTIMIZATION_LEVEL = 0;
				GCC_PREPROCESSOR_DEFINITIONS = (
					"DEBUG=1",
					"$(inherited)",
				);
				GCC_WARN_64_TO_32_BIT_CONVERSION = YES;
				GCC_WARN_ABOUT_RETURN_TYPE = YES_ERROR;
				GCC_WARN_UNDECLARED_SELECTOR = YES;
				GCC_WARN_UNINITIALIZED_AUTOS = YES_AGGRESSIVE;
				GCC_WARN_UNUSED_FUNCTION = YES;
				GCC_WARN_UNUSED_VARIABLE = YES;
				IPHONEOS_DEPLOYMENT_TARGET = 13.4;
				MTL_ENABLE_DEBUG_INFO = INCLUDE_SOURCE;
				MTL_FAST_MATH = YES;
				ONLY_ACTIVE_ARCH = YES;
				SDKROOT = iphoneos;
				SWIFT_ACTIVE_COMPILATION_CONDITIONS = DEBUG;
				SWIFT_OPTIMIZATION_LEVEL = "-Onone";
			};
			name = Debug;
		};
		7607A08E251B1C0D0071B9AD /* Release */ = {
			isa = XCBuildConfiguration;
			buildSettings = {
				ALWAYS_SEARCH_USER_PATHS = NO;
				CLANG_ANALYZER_NONNULL = YES;
				CLANG_ANALYZER_NUMBER_OBJECT_CONVERSION = YES_AGGRESSIVE;
				CLANG_CXX_LANGUAGE_STANDARD = "gnu++14";
				CLANG_CXX_LIBRARY = "libc++";
				CLANG_ENABLE_MODULES = YES;
				CLANG_ENABLE_OBJC_ARC = YES;
				CLANG_ENABLE_OBJC_WEAK = YES;
				CLANG_WARN_BLOCK_CAPTURE_AUTORELEASING = YES;
				CLANG_WARN_BOOL_CONVERSION = YES;
				CLANG_WARN_COMMA = YES;
				CLANG_WARN_CONSTANT_CONVERSION = YES;
				CLANG_WARN_DEPRECATED_OBJC_IMPLEMENTATIONS = YES;
				CLANG_WARN_DIRECT_OBJC_ISA_USAGE = YES_ERROR;
				CLANG_WARN_DOCUMENTATION_COMMENTS = YES;
				CLANG_WARN_EMPTY_BODY = YES;
				CLANG_WARN_ENUM_CONVERSION = YES;
				CLANG_WARN_INFINITE_RECURSION = YES;
				CLANG_WARN_INT_CONVERSION = YES;
				CLANG_WARN_NON_LITERAL_NULL_CONVERSION = YES;
				CLANG_WARN_OBJC_IMPLICIT_RETAIN_SELF = YES;
				CLANG_WARN_OBJC_LITERAL_CONVERSION = YES;
				CLANG_WARN_OBJC_ROOT_CLASS = YES_ERROR;
				CLANG_WARN_RANGE_LOOP_ANALYSIS = YES;
				CLANG_WARN_STRICT_PROTOTYPES = YES;
				CLANG_WARN_SUSPICIOUS_MOVE = YES;
				CLANG_WARN_UNGUARDED_AVAILABILITY = YES_AGGRESSIVE;
				CLANG_WARN_UNREACHABLE_CODE = YES;
				CLANG_WARN__DUPLICATE_METHOD_MATCH = YES;
				COPY_PHASE_STRIP = NO;
				DEBUG_INFORMATION_FORMAT = "dwarf-with-dsym";
				ENABLE_NS_ASSERTIONS = NO;
				ENABLE_STRICT_OBJC_MSGSEND = YES;
				GCC_C_LANGUAGE_STANDARD = gnu11;
				GCC_NO_COMMON_BLOCKS = YES;
				GCC_WARN_64_TO_32_BIT_CONVERSION = YES;
				GCC_WARN_ABOUT_RETURN_TYPE = YES_ERROR;
				GCC_WARN_UNDECLARED_SELECTOR = YES;
				GCC_WARN_UNINITIALIZED_AUTOS = YES_AGGRESSIVE;
				GCC_WARN_UNUSED_FUNCTION = YES;
				GCC_WARN_UNUSED_VARIABLE = YES;
				IPHONEOS_DEPLOYMENT_TARGET = 13.4;
				MTL_ENABLE_DEBUG_INFO = NO;
				MTL_FAST_MATH = YES;
				SDKROOT = iphoneos;
				SWIFT_COMPILATION_MODE = wholemodule;
				SWIFT_OPTIMIZATION_LEVEL = "-O";
				VALIDATE_PRODUCT = YES;
			};
			name = Release;
		};
		7607A090251B1C0D0071B9AD /* Debug */ = {
			isa = XCBuildConfiguration;
			baseConfigurationReference = 6348DD709E89FD4FC09A35D6 /* Pods-LXSwiftFoundationModule.debug.xcconfig */;
			buildSettings = {
				ASSETCATALOG_COMPILER_APPICON_NAME = AppIcon;
				CLANG_ENABLE_MODULES = YES;
				CODE_SIGN_IDENTITY = "Apple Development";
				CODE_SIGN_STYLE = Automatic;
				DEVELOPMENT_TEAM = LUA226JKS4;
				FRAMEWORK_SEARCH_PATHS = (
					"$(inherited)",
					"$(PROJECT_DIR)/LXSwiftFoundationModule",
				);
				INFOPLIST_FILE = LXSwiftFoundationModule/Info.plist;
				IPHONEOS_DEPLOYMENT_TARGET = 14.1;
				LD_RUNPATH_SEARCH_PATHS = (
					"$(inherited)",
					"@executable_path/Frameworks",
				);
				PRODUCT_BUNDLE_IDENTIFIER = XLee.LXSwiftFoundationModule;
				PRODUCT_NAME = "$(TARGET_NAME)";
				PROVISIONING_PROFILE_SPECIFIER = "";
				SWIFT_OBJC_BRIDGING_HEADER = "LXSwiftFoundationModule/LXSwiftFoundationModule-Bridging-Header.h";
				SWIFT_OPTIMIZATION_LEVEL = "-Onone";
				SWIFT_VERSION = 5.0;
				TARGETED_DEVICE_FAMILY = "1,2";
			};
			name = Debug;
		};
		7607A091251B1C0D0071B9AD /* Release */ = {
			isa = XCBuildConfiguration;
			baseConfigurationReference = 8DFBEB594E654C05D56544BE /* Pods-LXSwiftFoundationModule.release.xcconfig */;
			buildSettings = {
				ASSETCATALOG_COMPILER_APPICON_NAME = AppIcon;
				CLANG_ENABLE_MODULES = YES;
				CODE_SIGN_IDENTITY = "Apple Development";
				CODE_SIGN_STYLE = Automatic;
				DEVELOPMENT_TEAM = LUA226JKS4;
				FRAMEWORK_SEARCH_PATHS = (
					"$(inherited)",
					"$(PROJECT_DIR)/LXSwiftFoundationModule",
				);
				INFOPLIST_FILE = LXSwiftFoundationModule/Info.plist;
				IPHONEOS_DEPLOYMENT_TARGET = 14.1;
				LD_RUNPATH_SEARCH_PATHS = (
					"$(inherited)",
					"@executable_path/Frameworks",
				);
				PRODUCT_BUNDLE_IDENTIFIER = XLee.LXSwiftFoundationModule;
				PRODUCT_NAME = "$(TARGET_NAME)";
				PROVISIONING_PROFILE_SPECIFIER = "";
				SWIFT_OBJC_BRIDGING_HEADER = "LXSwiftFoundationModule/LXSwiftFoundationModule-Bridging-Header.h";
				SWIFT_VERSION = 5.0;
				TARGETED_DEVICE_FAMILY = "1,2";
			};
			name = Release;
		};
/* End XCBuildConfiguration section */

/* Begin XCConfigurationList section */
		7607A076251B1C0B0071B9AD /* Build configuration list for PBXProject "LXSwiftFoundationModule" */ = {
			isa = XCConfigurationList;
			buildConfigurations = (
				7607A08D251B1C0D0071B9AD /* Debug */,
				7607A08E251B1C0D0071B9AD /* Release */,
			);
			defaultConfigurationIsVisible = 0;
			defaultConfigurationName = Release;
		};
		7607A08F251B1C0D0071B9AD /* Build configuration list for PBXNativeTarget "LXSwiftFoundationModule" */ = {
			isa = XCConfigurationList;
			buildConfigurations = (
				7607A090251B1C0D0071B9AD /* Debug */,
				7607A091251B1C0D0071B9AD /* Release */,
			);
			defaultConfigurationIsVisible = 0;
			defaultConfigurationName = Release;
		};
/* End XCConfigurationList section */
	};
	rootObject = 7607A073251B1C0B0071B9AD /* Project object */;
}
